{
  "lockfileVersion": 1,
  "configVersion": 1,
  "workspaces": {
    "": {
      "name": "lab",
      "dependencies": {
        "@types/bun": "latest",
        "@types/react": "^19.2.6",
        "@types/react-dom": "^19.2.3",
        "husky": "^9.1.7",
        "lint-staged": "^16.3.3",
        "oxfmt": "latest",
        "oxlint": "^1.58.0",
        "oxlint-tsgolint": "^0.19.0",
        "utils": "workspace:*",
      },
    },
    "apps/electron": {
      "name": "electron",
      "dependencies": {
        "electron": "catalog:",
        "yauzl": "^3.2.1",
      },
      "devDependencies": {
        "@types/yauzl": "^2.10.3",
      },
    },
    "apps/fx": {
      "name": "fx",
      "dependencies": {
        "clsx": "catalog:",
        "react": "catalog:",
        "react-dom": "catalog:",
        "ui": "catalog:",
        "valtio": "catalog:",
      },
      "devDependencies": {
        "bun-plugin-tailwind": "catalog:",
        "tailwindcss": "catalog:",
      },
    },
    "apps/music-converter": {
      "name": "music-converter",
      "dependencies": {
        "clsx": "catalog:",
        "react": "catalog:",
        "react-dom": "catalog:",
        "react-icons": "^5.5.0",
        "ui": "catalog:",
        "valtio": "catalog:",
      },
      "devDependencies": {
        "bun-plugin-tailwind": "catalog:",
        "tailwindcss": "catalog:",
      },
    },
    "apps/view": {
      "name": "view",
      "dependencies": {
        "clsx": "catalog:",
        "react": "catalog:",
        "react-dom": "catalog:",
        "ui": "catalog:",
        "valtio": "catalog:",
      },
      "devDependencies": {
        "bun-plugin-tailwind": "catalog:",
        "tailwindcss": "catalog:",
      },
    },
    "libs/ui": {
      "name": "ui",
      "dependencies": {
        "@floating-ui/react": "^0.27.16",
      },
      "peerDependencies": {
        "bun-plugin-tailwind": "catalog:",
        "clsx": "catalog:",
        "react": "catalog:",
        "react-dom": "catalog:",
        "tailwindcss": "catalog:",
      },
    },
    "libs/utils": {
      "name": "utils",
      "dependencies": {
        "commander": "^14.0.2",
      },
      "peerDependencies": {
        "react": "catalog:",
        "tailwindcss": "catalog:",
      },
    },
  },
  "catalog": {
    "bun-plugin-tailwind": "latest",
    "chalk": "^5.4.1",
    "clsx": "^2.1.1",
    "electron": "^41",
    "react": "^19.0.0",
    "react-dom": "^19.0.0",
    "tailwindcss": "^4.1.12",
    "ui": "workspace:*",
    "valtio": "^2.1.7",
  },
  "packages": {
    "@electron/get": ["@electron/get@2.0.3", "", { "dependencies": { "debug": "^4.1.1", "env-paths": "^2.2.0", "fs-extra": "^8.1.0", "got": "^11.8.5", "progress": "^2.0.3", "semver": "^6.2.0", "sumchecker": "^3.0.1" }, "optionalDependencies": { "global-agent": "^3.0.0" } }, "sha512-Qkzpg2s9GnVV2I2BjRksUi43U5e6+zaQMcjoJy0C+C5oxaKl+fmckGDQFtRpZpZV0NQekuZZ+tGz7EA9TVnQtQ=="],

    "@floating-ui/core": ["@floating-ui/core@1.7.5", "", { "dependencies": { "@floating-ui/utils": "^0.2.11" } }, "sha512-1Ih4WTWyw0+lKyFMcBHGbb5U5FtuHJuujoyyr5zTaWS5EYMeT6Jb2AuDeftsCsEuchO+mM2ij5+q9crhydzLhQ=="],

    "@floating-ui/dom": ["@floating-ui/dom@1.7.6", "", { "dependencies": { "@floating-ui/core": "^1.7.5", "@floating-ui/utils": "^0.2.11" } }, "sha512-9gZSAI5XM36880PPMm//9dfiEngYoC6Am2izES1FF406YFsjvyBMmeJ2g4SAju3xWwtuynNRFL2s9hgxpLI5SQ=="],

    "@floating-ui/react": ["@floating-ui/react@0.27.19", "", { "dependencies": { "@floating-ui/react-dom": "^2.1.8", "@floating-ui/utils": "^0.2.11", "tabbable": "^6.0.0" }, "peerDependencies": { "react": ">=17.0.0", "react-dom": ">=17.0.0" } }, "sha512-31B8h5mm8YxotlE7/AU/PhNAl8eWxAmjL/v2QOxroDNkTFLk3Uu82u63N3b6TXa4EGJeeZLVcd/9AlNlVqzeog=="],

    "@floating-ui/react-dom": ["@floating-ui/react-dom@2.1.8", "", { "dependencies": { "@floating-ui/dom": "^1.7.6" }, "peerDependencies": { "react": ">=16.8.0", "react-dom": ">=16.8.0" } }, "sha512-cC52bHwM/n/CxS87FH0yWdngEZrjdtLW/qVruo68qg+prK7ZQ4YGdut2GyDVpoGeAYe/h899rVeOVm6Oi40k2A=="],

    "@floating-ui/utils": ["@floating-ui/utils@0.2.11", "", {}, "sha512-RiB/yIh78pcIxl6lLMG0CgBXAZ2Y0eVHqMPYugu+9U0AeT6YBeiJpf7lbdJNIugFP5SIjwNRgo4DhR1Qxi26Gg=="],

    "@oven/bun-darwin-aarch64": ["@oven/bun-darwin-aarch64@1.3.11", "", { "os": "darwin", "cpu": "arm64" }, "sha512-/8IzqSu4/OWGRs7Fs2ROzGVwJMFTBQkgAp6sAthkBYoN7OiM4rY/CpPVs2X9w9N1W61CHSkEdNKi8HrLZKfK3g=="],

    "@oven/bun-darwin-x64": ["@oven/bun-darwin-x64@1.3.11", "", { "os": "darwin", "cpu": "x64" }, "sha512-TT7eUihnAzxM2tlZesusuC75PAOYKvUBgVU/Nm/lakZ/DpyuqhNkzUfcxSgmmK9IjVWzMmezLIGZl16XGCGJng=="],

    "@oven/bun-darwin-x64-baseline": ["@oven/bun-darwin-x64-baseline@1.3.11", "", { "os": "darwin", "cpu": "x64" }, "sha512-CYjIHWaQG7T4phfjErHr6BiXRs0K/9DqMeiohJmuYSBF+H2m56vFslOenLCguGYQL9jeiiCZBeoVCpwjxZrMgQ=="],

    "@oven/bun-linux-aarch64": ["@oven/bun-linux-aarch64@1.3.11", "", { "os": "linux", "cpu": "arm64" }, "sha512-8XMLyRNxHF4jfLajkWt+F8UDxsWbzysyxQVMZKUXwoeGvaxB0rVd07r3YbgDtG8U6khhRFM3oaGp+CQ0whwmdA=="],

    "@oven/bun-linux-aarch64-musl": ["@oven/bun-linux-aarch64-musl@1.3.11", "", { "os": "linux", "cpu": "arm64" }, "sha512-jBwYCLG5Eb+PqtFrc3Wp2WMYlw1Id75gUcsdP+ApCOpf5oQhHxkFWCjZmcDoioDmEhMWAiM3wtwSrTlPg+sI6Q=="],

    "@oven/bun-linux-x64": ["@oven/bun-linux-x64@1.3.11", "", { "os": "linux", "cpu": "x64" }, "sha512-z3GFCk1UBzDOOiEBHL32lVP7Edi26BhOjKb6bIc0nRyabbRiyON4++GR0zmd/H5zM5S0+UcXFgCGnD+b8avTLw=="],

    "@oven/bun-linux-x64-baseline": ["@oven/bun-linux-x64-baseline@1.3.11", "", { "os": "linux", "cpu": "x64" }, "sha512-KZlf1jKtf4jai8xiQv/0XRjxVVhHnw/HtUKtLdOeQpTOQ1fQFhLoz2FGGtVRd0LVa/yiRbSz9HlWIzWlmJClng=="],

    "@oven/bun-linux-x64-musl": ["@oven/bun-linux-x64-musl@1.3.11", "", { "os": "linux", "cpu": "x64" }, "sha512-ADImD4yCHNpqZu718E2chWcCaAHvua90yhmpzzV6fF4zOhwkGGbPCgUWmKyJ83uz+DXaPdYxX0ttDvtolrzx3Q=="],

    "@oven/bun-linux-x64-musl-baseline": ["@oven/bun-linux-x64-musl-baseline@1.3.11", "", { "os": "linux", "cpu": "x64" }, "sha512-J+qz4Al05PrNIOdj7xsWVTyx0c/gjUauG5nKV3Rrx0Q+5JO+1pPVlnfNmWbOF9pKG4f3IGad8KXJUfGMORld+Q=="],

    "@oven/bun-windows-aarch64": ["@oven/bun-windows-aarch64@1.3.11", "", { "os": "win32", "cpu": "arm64" }, "sha512-UOdkwScHRkGPz+n9ZJU7sTkTvqV7rD1SLCLaru1xH8WRsV7tDorPqNCzEN1msOIiPRK825nvAtEm9UsomO1GsA=="],

    "@oven/bun-windows-x64": ["@oven/bun-windows-x64@1.3.11", "", { "os": "win32", "cpu": "x64" }, "sha512-E51tyWDP1l0CbjZYhiUxhDGPaY8Hf5YBREx0PHBff1LM1/q3qsJ6ZvRUa8YbbOO0Ax9QP6GHjD9vf3n6bXZ7QA=="],

    "@oven/bun-windows-x64-baseline": ["@oven/bun-windows-x64-baseline@1.3.11", "", { "os": "win32", "cpu": "x64" }, "sha512-cCsXK9AQ9Zf18QlVnbrFu2IKfr4sf2sfbErkF2jfCzyCO9Bnhl0KRx63zlN+Ni1xU7gcBLAssgcui5R400N2eA=="],

    "@oxfmt/binding-android-arm-eabi": ["@oxfmt/binding-android-arm-eabi@0.44.0", "", { "os": "android", "cpu": "arm" }, "sha512-5UvghMd9SA/yvKTWCAxMAPXS1d2i054UeOf4iFjZjfayTwCINcC3oaSXjtbZfCaEpxgJod7XiOjTtby5yEv/BQ=="],

    "@oxfmt/binding-android-arm64": ["@oxfmt/binding-android-arm64@0.44.0", "", { "os": "android", "cpu": "arm64" }, "sha512-IVudM1BWfvrYO++Khtzr8q9n5Rxu7msUvoFMqzGJVdX7HfUXUDHwaH2zHZNB58svx2J56pmCUzophyaPFkcG/A=="],

    "@oxfmt/binding-darwin-arm64": ["@oxfmt/binding-darwin-arm64@0.44.0", "", { "os": "darwin", "cpu": "arm64" }, "sha512-eWCLAIKAHfx88EqEP1Ga2yz7qVcqDU5lemn4xck+07bH182hDdprOHjbogyk0In1Djys3T0/pO2JepFnRJ41Mg=="],

    "@oxfmt/binding-darwin-x64": ["@oxfmt/binding-darwin-x64@0.44.0", "", { "os": "darwin", "cpu": "x64" }, "sha512-eHTBznHLM49++dwz07MblQ2cOXyIgeedmE3Wgy4ptUESj38/qYZyRi1MPwC9olQJWssMeY6WI3UZ7YmU5ggvyQ=="],

    "@oxfmt/binding-freebsd-x64": ["@oxfmt/binding-freebsd-x64@0.44.0", "", { "os": "freebsd", "cpu": "x64" }, "sha512-jLMmbj0u0Ft43QpkUVr/0v1ZfQCGWAvU+WznEHcN3wZC/q6ox7XeSJtk9P36CCpiDSUf3sGnzbIuG1KdEMEDJQ=="],

    "@oxfmt/binding-linux-arm-gnueabihf": ["@oxfmt/binding-linux-arm-gnueabihf@0.44.0", "", { "os": "linux", "cpu": "arm" }, "sha512-n+A/u/ByK1qV8FVGOwyaSpw5NPNl0qlZfgTBqHeGIqr8Qzq1tyWZ4lAaxPoe5mZqE3w88vn3+jZtMxriHPE7tg=="],

    "@oxfmt/binding-linux-arm-musleabihf": ["@oxfmt/binding-linux-arm-musleabihf@0.44.0", "", { "os": "linux", "cpu": "arm" }, "sha512-5eax+FkxyCqAi3Rw0mrZFr7+KTt/XweFsbALR+B5ljWBLBl8nHe4ADrUnb1gLEfQCJLl+Ca5FIVD4xEt95AwIw=="],

    "@oxfmt/binding-linux-arm64-gnu": ["@oxfmt/binding-linux-arm64-gnu@0.44.0", "", { "os": "linux", "cpu": "arm64" }, "sha512-58l8JaHxSGOmOMOG2CIrNsnkRJAj0YcHQCmvNACniOa/vd1iRHhlPajczegzS5jwMENlqgreyiTR9iNlke8qCw=="],

    "@oxfmt/binding-linux-arm64-musl": ["@oxfmt/binding-linux-arm64-musl@0.44.0", "", { "os": "linux", "cpu": "arm64" }, "sha512-AlObQIXyVRZ96LbtVljtFq0JqH5B92NU+BQeDFrXWBUWlCKAM0wF5GLfIhCLT5kQ3Sl+U0YjRJ7Alqj5hGQaCg=="],

    "@oxfmt/binding-linux-ppc64-gnu": ["@oxfmt/binding-linux-ppc64-gnu@0.44.0", "", { "os": "linux", "cpu": "ppc64" }, "sha512-YcFE8/q/BbrCiIiM5piwbkA6GwJc5QqhMQp2yDrqQ2fuVkZ7CInb1aIijZ/k8EXc72qXMSwKpVlBv1w/MsGO/A=="],

    "@oxfmt/binding-linux-riscv64-gnu": ["@oxfmt/binding-linux-riscv64-gnu@0.44.0", "", { "os": "linux", "cpu": "none" }, "sha512-eOdzs6RqkRzuqNHUX5C8ISN5xfGh4xDww8OEd9YAmc3OWN8oAe5bmlIqQ+rrHLpv58/0BuU48bxkhnIGjA/ATQ=="],

    "@oxfmt/binding-linux-riscv64-musl": ["@oxfmt/binding-linux-riscv64-musl@0.44.0", "", { "os": "linux", "cpu": "none" }, "sha512-YBgNTxntD/QvlFUfgvh8bEdwOhXiquX8gaofZJAwYa/Xp1S1DQrFVZEeck7GFktr24DztsSp8N8WtWCBwxs0Hw=="],

    "@oxfmt/binding-linux-s390x-gnu": ["@oxfmt/binding-linux-s390x-gnu@0.44.0", "", { "os": "linux", "cpu": "s390x" }, "sha512-GLIh1R6WHWshl/i4QQDNgj0WtT25aRO4HNUWEoitxiywyRdhTFmFEYT2rXlcl9U6/26vhmOqG5cRlMLG3ocaIA=="],

    "@oxfmt/binding-linux-x64-gnu": ["@oxfmt/binding-linux-x64-gnu@0.44.0", "", { "os": "linux", "cpu": "x64" }, "sha512-gZOpgTlOsLcLfAF9qgpTr7FIIFSKnQN3hDf/0JvQ4CIwMY7h+eilNjxq/CorqvYcEOu+LRt1W4ZS7KccEHLOdA=="],

    "@oxfmt/binding-linux-x64-musl": ["@oxfmt/binding-linux-x64-musl@0.44.0", "", { "os": "linux", "cpu": "x64" }, "sha512-1CyS9JTB+pCUFYFI6pkQGGZaT/AY5gnhHVrQQLhFba6idP9AzVYm1xbdWfywoldTYvjxQJV6x4SuduCIfP3W+A=="],

    "@oxfmt/binding-openharmony-arm64": ["@oxfmt/binding-openharmony-arm64@0.44.0", "", { "os": "none", "cpu": "arm64" }, "sha512-bmEv70Ak6jLr1xotCbF5TxIKjsmQaiX+jFRtnGtfA03tJPf6VG3cKh96S21boAt3JZc+Vjx8PYcDuLj39vM2Pw=="],

    "@oxfmt/binding-win32-arm64-msvc": ["@oxfmt/binding-win32-arm64-msvc@0.44.0", "", { "os": "win32", "cpu": "arm64" }, "sha512-yWzB+oCpSnP/dmw85eFLAT5o35Ve5pkGS2uF/UCISpIwDqf1xa7OpmtomiqY/Vzg8VyvMbuf6vroF2khF/+1Vg=="],

    "@oxfmt/binding-win32-ia32-msvc": ["@oxfmt/binding-win32-ia32-msvc@0.44.0", "", { "os": "win32", "cpu": "ia32" }, "sha512-TcWpo18xEIE3AmIG2kpr3kz5IEhQgnx0lazl2+8L+3eTopOAUevQcmlr4nhguImNWz0OMeOZrYZOhJNCf16nlQ=="],

    "@oxfmt/binding-win32-x64-msvc": ["@oxfmt/binding-win32-x64-msvc@0.44.0", "", { "os": "win32", "cpu": "x64" }, "sha512-oj8aLkPJZppIM4CMQNsyir9ybM1Xw/CfGPTSsTnzpVGyljgfbdP0EVUlURiGM0BDrmw5psQ6ArmGCcUY/yABaQ=="],

    "@oxlint-tsgolint/darwin-arm64": ["@oxlint-tsgolint/darwin-arm64@0.19.0", "", { "os": "darwin", "cpu": "arm64" }, "sha512-FVOIp5Njte8Z6PpINz7sL5blqSro0pAL8VAHYQ+K5Xm4cOrPQ6DGIhH14oXnbRjzn8Kl69qjz8TPteyn8EqwsQ=="],

    "@oxlint-tsgolint/darwin-x64": ["@oxlint-tsgolint/darwin-x64@0.19.0", "", { "os": "darwin", "cpu": "x64" }, "sha512-GakDTDACePvqOFq3N4oQCl8SyMMa7VBnqV0gDcXPuK50jdWCUqlxM9tgRJarjyIVvmDEJRGYOen+4uBtVwg4Aw=="],

    "@oxlint-tsgolint/linux-arm64": ["@oxlint-tsgolint/linux-arm64@0.19.0", "", { "os": "linux", "cpu": "arm64" }, "sha512-Ya0R7somo+KDhhkPtENJ9Q28Fost+aqA3MPe86pEqgmukHFc/KO65PgShOSbIFjZNptELEQvsWL8gDxYZWhH3w=="],

    "@oxlint-tsgolint/linux-x64": ["@oxlint-tsgolint/linux-x64@0.19.0", "", { "os": "linux", "cpu": "x64" }, "sha512-yFH378jWc1k/oJmpk+TKpWbKvFieJJvsOHxVMSNFc+ukqs44ZSHVt4HFfAhXAt/bzVK2f7EIDTGp8Hm1OjoJ6Q=="],

    "@oxlint-tsgolint/win32-arm64": ["@oxlint-tsgolint/win32-arm64@0.19.0", "", { "os": "win32", "cpu": "arm64" }, "sha512-R6NyAtha7OWxh7NGBeFxqDTGAVl1Xj4xLa8Qj39PKbIDqBeVW8BIb+1nEnRp+Mo/VpRoeoFAcqlBsuMcUMd26Q=="],

    "@oxlint-tsgolint/win32-x64": ["@oxlint-tsgolint/win32-x64@0.19.0", "", { "os": "win32", "cpu": "x64" }, "sha512-2ePvxcbS5tPOmrQvxR8Kc+IqzdTtlrGeMDv+jjTYfkTFPmh2rF9yxVchi/4WM6js3gt2UauQeMV/tfnZNemENQ=="],

    "@oxlint/binding-android-arm-eabi": ["@oxlint/binding-android-arm-eabi@1.59.0", "", { "os": "android", "cpu": "arm" }, "sha512-etYDw/UaEv936AQUd/CRMBVd+e+XuuU6wC+VzOv1STvsTyZenLChepLWqLtnyTTp4YMlM22ypzogDDwqYxv5cg=="],

    "@oxlint/binding-android-arm64": ["@oxlint/binding-android-arm64@1.59.0", "", { "os": "android", "cpu": "arm64" }, "sha512-TgLc7XVLKH2a4h8j3vn1MDjfK33i9MY60f/bKhRGWyVzbk5LCZ4X01VZG7iHrMmi5vYbAp8//Ponigx03CLsdw=="],

    "@oxlint/binding-darwin-arm64": ["@oxlint/binding-darwin-arm64@1.59.0", "", { "os": "darwin", "cpu": "arm64" }, "sha512-DXyFPf5ZKldMLloRHx/B9fsxsiTQomaw7cmEW3YIJko2HgCh+GUhp9gGYwHrqlLJPsEe3dYj9JebjX92D3j3AA=="],

    "@oxlint/binding-darwin-x64": ["@oxlint/binding-darwin-x64@1.59.0", "", { "os": "darwin", "cpu": "x64" }, "sha512-LgvrsdgVLX1qWqIEmNsSmMXJhpAWdtUQ0M+oR0CySwi+9IHWyOGuIL8w8+u/kbZNMyZr4WUyYB5i0+D+AKgkLg=="],

    "@oxlint/binding-freebsd-x64": ["@oxlint/binding-freebsd-x64@1.59.0", "", { "os": "freebsd", "cpu": "x64" }, "sha512-bOJhqX/ny4hrFuTPlyk8foSRx/vLRpxJh0jOOKN2NWW6FScXHPAA5rQbrwdQPcgGB5V8Ua51RS03fke8ssBcug=="],

    "@oxlint/binding-linux-arm-gnueabihf": ["@oxlint/binding-linux-arm-gnueabihf@1.59.0", "", { "os": "linux", "cpu": "arm" }, "sha512-vVUXxYMF9trXCsz4m9H6U0IjehosVHxBzVgJUxly1uz4W1PdDyicaBnpC0KRXsHYretLVe+uS9pJy8iM57Kujw=="],

    "@oxlint/binding-linux-arm-musleabihf": ["@oxlint/binding-linux-arm-musleabihf@1.59.0", "", { "os": "linux", "cpu": "arm" }, "sha512-TULQW8YBPGRWg5yZpFPL54HLOnJ3/HiX6VenDPi6YfxB/jlItwSMFh3/hCeSNbh+DAMaE1Py0j5MOaivHkI/9Q=="],

    "@oxlint/binding-linux-arm64-gnu": ["@oxlint/binding-linux-arm64-gnu@1.59.0", "", { "os": "linux", "cpu": "arm64" }, "sha512-Gt54Y4eqSgYJ90xipm24xeyaPV854706o/kiT8oZvUt3VDY7qqxdqyGqchMaujd87ib+/MXvnl9WkK8Cc1BExg=="],

    "@oxlint/binding-linux-arm64-musl": ["@oxlint/binding-linux-arm64-musl@1.59.0", "", { "os": "linux", "cpu": "arm64" }, "sha512-3CtsKp7NFB3OfqQzbuAecrY7GIZeiv7AD+xutU4tefVQzlfmTI7/ygWLrvkzsDEjTlMq41rYHxgsn6Yh8tybmA=="],

    "@oxlint/binding-linux-ppc64-gnu": ["@oxlint/binding-linux-ppc64-gnu@1.59.0", "", { "os": "linux", "cpu": "ppc64" }, "sha512-K0diOpT3ncDmOfl9I1HuvpEsAuTxkts0VYwIv/w6Xiy9CdwyPBVX88Ga9l8VlGgMrwBMnSY4xIvVlVY/fkQk7Q=="],

    "@oxlint/binding-linux-riscv64-gnu": ["@oxlint/binding-linux-riscv64-gnu@1.59.0", "", { "os": "linux", "cpu": "none" }, "sha512-xAU7+QDU6kTJJ7mJLOGgo7oOjtAtkKyFZ0Yjdb5cEo3DiCCPFLvyr08rWiQh6evZ7RiUTf+o65NY/bqttzJiQQ=="],

    "@oxlint/binding-linux-riscv64-musl": ["@oxlint/binding-linux-riscv64-musl@1.59.0", "", { "os": "linux", "cpu": "none" }, "sha512-KUmZmKlTTyauOnvUNVxK7G40sSSx0+w5l1UhaGsC6KPpOYHenx2oqJTnabmpLJicok7IC+3Y6fXAUOMyexaeJQ=="],

    "@oxlint/binding-linux-s390x-gnu": ["@oxlint/binding-linux-s390x-gnu@1.59.0", "", { "os": "linux", "cpu": "s390x" }, "sha512-4usRxC8gS0PGdkHnRmwJt/4zrQNZyk6vL0trCxwZSsAKM+OxhB8nKiR+mhjdBbl8lbMh2gc3bZpNN/ik8c4c2A=="],

    "@oxlint/binding-linux-x64-gnu": ["@oxlint/binding-linux-x64-gnu@1.59.0", "", { "os": "linux", "cpu": "x64" }, "sha512-s/rNE2gDmbwAOOP493xk2X7M8LZfI1LJFSSW1+yanz3vuQCFPiHkx4GY+O1HuLUDtkzGlhtMrIcxxzyYLv308w=="],

    "@oxlint/binding-linux-x64-musl": ["@oxlint/binding-linux-x64-musl@1.59.0", "", { "os": "linux", "cpu": "x64" }, "sha512-+yYj1udJa2UvvIUmEm0IcKgc0UlPMgz0nsSTvkPL2y6n0uU5LgIHSwVu4AHhrve6j9BpVSoRksnz8c9QcvITJA=="],

    "@oxlint/binding-openharmony-arm64": ["@oxlint/binding-openharmony-arm64@1.59.0", "", { "os": "none", "cpu": "arm64" }, "sha512-bUplUb48LYsB3hHlQXP2ZMOenpieWoOyppLAnnAhuPag3MGPnt+7caxE3w/Vl9wpQsTA3gzLntQi9rxWrs7Xqg=="],

    "@oxlint/binding-win32-arm64-msvc": ["@oxlint/binding-win32-arm64-msvc@1.59.0", "", { "os": "win32", "cpu": "arm64" }, "sha512-/HLsLuz42rWl7h7ePdmMTpHm2HIDmPtcEMYgm5BBEHiEiuNOrzMaUpd2z7UnNni5LGN9obJy2YoAYBLXQwazrA=="],

    "@oxlint/binding-win32-ia32-msvc": ["@oxlint/binding-win32-ia32-msvc@1.59.0", "", { "os": "win32", "cpu": "ia32" }, "sha512-rUPy+JnanpPwV/aJCPnxAD1fW50+XPI0VkWr7f0vEbqcdsS8NpB24Rw6RsS7SdpFv8Dw+8ugCwao5nCFbqOUSg=="],

    "@oxlint/binding-win32-x64-msvc": ["@oxlint/binding-win32-x64-msvc@1.59.0", "", { "os": "win32", "cpu": "x64" }, "sha512-xkE7puteDS/vUyRngLXW0t8WgdWoS/tfxXjhP/P7SMqPDx+hs44SpssO3h3qmTqECYEuXBUPzcAw5257Ka+ofA=="],

    "@sindresorhus/is": ["@sindresorhus/is@4.6.0", "", {}, "sha512-t09vSN3MdfsyCHoFcTRCH/iUtG7OJ0CsjzB8cjAmKc/va/kIgeDI/TxsigdncE/4be734m0cvIYwNaV4i2XqAw=="],

    "@szmarczak/http-timer": ["@szmarczak/http-timer@4.0.6", "", { "dependencies": { "defer-to-connect": "^2.0.0" } }, "sha512-4BAffykYOgO+5nzBWYwE3W90sBgLJoUPRWWcL8wlyiM8IB8ipJz3UMJ9KXQd1RKQXpKp8Tutn80HZtWsu2u76w=="],

    "@types/bun": ["@types/bun@1.3.11", "", { "dependencies": { "bun-types": "1.3.11" } }, "sha512-5vPne5QvtpjGpsGYXiFyycfpDF2ECyPcTSsFBMa0fraoxiQyMJ3SmuQIGhzPg2WJuWxVBoxWJ2kClYTcw/4fAg=="],

    "@types/cacheable-request": ["@types/cacheable-request@6.0.3", "", { "dependencies": { "@types/http-cache-semantics": "*", "@types/keyv": "^3.1.4", "@types/node": "*", "@types/responselike": "^1.0.0" } }, "sha512-IQ3EbTzGxIigb1I3qPZc1rWJnH0BmSKv5QYTalEwweFvyBDLSAe24zP0le/hyi7ecGfZVlIVAg4BZqb8WBwKqw=="],

    "@types/http-cache-semantics": ["@types/http-cache-semantics@4.2.0", "", {}, "sha512-L3LgimLHXtGkWikKnsPg0/VFx9OGZaC+eN1u4r+OB1XRqH3meBIAVC2zr1WdMH+RHmnRkqliQAOHNJ/E0j/e0Q=="],

    "@types/keyv": ["@types/keyv@3.1.4", "", { "dependencies": { "@types/node": "*" } }, "sha512-BQ5aZNSCpj7D6K2ksrRCTmKRLEpnPvWDiLPfoGyhZ++8YtiK9d/3DBKPJgry359X/P1PfruyYwvnvwFjuEiEIg=="],

    "@types/node": ["@types/node@24.12.2", "", { "dependencies": { "undici-types": "~7.16.0" } }, "sha512-A1sre26ke7HDIuY/M23nd9gfB+nrmhtYyMINbjI1zHJxYteKR6qSMX56FsmjMcDb3SMcjJg5BiRRgOCC/yBD0g=="],

    "@types/react": ["@types/react@19.2.14", "", { "dependencies": { "csstype": "^3.2.2" } }, "sha512-ilcTH/UniCkMdtexkoCN0bI7pMcJDvmQFPvuPvmEaYA/NSfFTAgdUSLAoVjaRJm7+6PvcM+q1zYOwS4wTYMF9w=="],

    "@types/react-dom": ["@types/react-dom@19.2.3", "", { "peerDependencies": { "@types/react": "^19.2.0" } }, "sha512-jp2L/eY6fn+KgVVQAOqYItbF0VY/YApe5Mz2F0aykSO8gx31bYCZyvSeYxCHKvzHG5eZjc+zyaS5BrBWya2+kQ=="],

    "@types/responselike": ["@types/responselike@1.0.3", "", { "dependencies": { "@types/node": "*" } }, "sha512-H/+L+UkTV33uf49PH5pCAUBVPNj2nDBXTN+qS1dOwyyg24l3CcicicCA7ca+HMvJBZcFgl5r8e+RR6elsb4Lyw=="],

    "@types/yauzl": ["@types/yauzl@2.10.3", "", { "dependencies": { "@types/node": "*" } }, "sha512-oJoftv0LSuaDZE3Le4DbKX+KS9G36NzOeSap90UIK0yMA/NhKJhqlSGtNDORNRaIbQfzjXDrQa0ytJ6mNRGz/Q=="],

    "ansi-escapes": ["ansi-escapes@7.3.0", "", { "dependencies": { "environment": "^1.0.0" } }, "sha512-BvU8nYgGQBxcmMuEeUEmNTvrMVjJNSH7RgW24vXexN4Ven6qCvy4TntnvlnwnMLTVlcRQQdbRY8NKnaIoeWDNg=="],

    "ansi-regex": ["ansi-regex@6.2.2", "", {}, "sha512-Bq3SmSpyFHaWjPk8If9yc6svM8c56dB5BAtW4Qbw5jHTwwXXcTLoRMkpDJp6VL0XzlWaCHTXrkFURMYmD0sLqg=="],

    "ansi-styles": ["ansi-styles@6.2.3", "", {}, "sha512-4Dj6M28JB+oAH8kFkTLUo+a2jwOFkuqb3yucU0CANcRRUbxS0cP0nZYCGjcc3BNXwRIsUVmDGgzawme7zvJHvg=="],

    "boolean": ["boolean@3.2.0", "", {}, "sha512-d0II/GO9uf9lfUHH2BQsjxzRJZBdsjgsBiW4BvhWk/3qoKwQFjIDVN19PfX8F2D/r9PCMTtLWjYVCFrpeYUzsw=="],

    "buffer-crc32": ["buffer-crc32@0.2.13", "", {}, "sha512-VO9Ht/+p3SN7SKWqcrgEzjGbRSJYTx+Q1pTQC0wrWqHx0vpJraQ6GtHx8tvcg1rlK1byhU5gccxgOgj7B0TDkQ=="],

    "bun": ["bun@1.3.11", "", { "optionalDependencies": { "@oven/bun-darwin-aarch64": "1.3.11", "@oven/bun-darwin-x64": "1.3.11", "@oven/bun-darwin-x64-baseline": "1.3.11", "@oven/bun-linux-aarch64": "1.3.11", "@oven/bun-linux-aarch64-musl": "1.3.11", "@oven/bun-linux-x64": "1.3.11", "@oven/bun-linux-x64-baseline": "1.3.11", "@oven/bun-linux-x64-musl": "1.3.11", "@oven/bun-linux-x64-musl-baseline": "1.3.11", "@oven/bun-windows-aarch64": "1.3.11", "@oven/bun-windows-x64": "1.3.11", "@oven/bun-windows-x64-baseline": "1.3.11" }, "os": [ "linux", "win32", "darwin", ], "cpu": [ "x64", "arm64", ], "bin": { "bun": "bin/bun.exe", "bunx": "bin/bunx.exe" } }, "sha512-AvXWYFO6j/ZQ7bhGm4X6eilq2JHsDVC90ZM32k2B7/srhC2gs3Sdki1QTbwrdRCo8o7eT+167vcB1yzOvPdbjA=="],

    "bun-plugin-tailwind": ["bun-plugin-tailwind@0.1.2", "", { "peerDependencies": { "bun": ">=1.0.0" } }, "sha512-41jNC1tZRSK3s1o7pTNrLuQG8kL/0vR/JgiTmZAJ1eHwe0w5j6HFPKeqEk0WAD13jfrUC7+ULuewFBBCoADPpg=="],

    "bun-types": ["bun-types@1.3.11", "", { "dependencies": { "@types/node": "*" } }, "sha512-1KGPpoxQWl9f6wcZh57LvrPIInQMn2TQ7jsgxqpRzg+l0QPOFvJVH7HmvHo/AiPgwXy+/Thf6Ov3EdVn1vOabg=="],

    "cacheable-lookup": ["cacheable-lookup@5.0.4", "", {}, "sha512-2/kNscPhpcxrOigMZzbiWF7dz8ilhb/nIHU3EyZiXWXpeq/au8qJ8VhdftMkty3n7Gj6HIGalQG8oiBNB3AJgA=="],

    "cacheable-request": ["cacheable-request@7.0.4", "", { "dependencies": { "clone-response": "^1.0.2", "get-stream": "^5.1.0", "http-cache-semantics": "^4.0.0", "keyv": "^4.0.0", "lowercase-keys": "^2.0.0", "normalize-url": "^6.0.1", "responselike": "^2.0.0" } }, "sha512-v+p6ongsrp0yTGbJXjgxPow2+DL93DASP4kXCDKb8/bwRtt9OEF3whggkkDkGNzgcWy2XaF4a8nZglC7uElscg=="],

    "cli-cursor": ["cli-cursor@5.0.0", "", { "dependencies": { "restore-cursor": "^5.0.0" } }, "sha512-aCj4O5wKyszjMmDT4tZj93kxyydN/K5zPWSCe6/0AV/AA1pqe5ZBIw0a2ZfPQV7lL5/yb5HsUreJ6UFAF1tEQw=="],

    "cli-truncate": ["cli-truncate@5.2.0", "", { "dependencies": { "slice-ansi": "^8.0.0", "string-width": "^8.2.0" } }, "sha512-xRwvIOMGrfOAnM1JYtqQImuaNtDEv9v6oIYAs4LIHwTiKee8uwvIi363igssOC0O5U04i4AlENs79LQLu9tEMw=="],

    "clone-response": ["clone-response@1.0.3", "", { "dependencies": { "mimic-response": "^1.0.0" } }, "sha512-ROoL94jJH2dUVML2Y/5PEDNaSHgeOdSDicUyS7izcF63G6sTc/FTjLub4b8Il9S8S0beOfYt0TaA5qvFK+w0wA=="],

    "clsx": ["clsx@2.1.1", "", {}, "sha512-eYm0QWBtUrBWZWG0d386OGAw16Z995PiOVo2B7bjWSbHedGl5e0ZWaq65kOGgUSNesEIDkB9ISbTg/JK9dhCZA=="],

    "colorette": ["colorette@2.0.20", "", {}, "sha512-IfEDxwoWIjkeXL1eXcDiow4UbKjhLdq6/EuSVR9GMN7KVH3r9gQ83e73hsz1Nd1T3ijd5xv1wcWRYO+D6kCI2w=="],

    "commander": ["commander@14.0.3", "", {}, "sha512-H+y0Jo/T1RZ9qPP4Eh1pkcQcLRglraJaSLoyOtHxu6AapkjWVCy2Sit1QQ4x3Dng8qDlSsZEet7g5Pq06MvTgw=="],

    "csstype": ["csstype@3.2.3", "", {}, "sha512-z1HGKcYy2xA8AGQfwrn0PAy+PB7X/GSj3UVJW9qKyn43xWa+gl5nXmU4qqLMRzWVLFC8KusUX8T/0kCiOYpAIQ=="],

    "debug": ["debug@4.4.3", "", { "dependencies": { "ms": "^2.1.3" } }, "sha512-RGwwWnwQvkVfavKVt22FGLw+xYSdzARwm0ru6DhTVA3umU5hZc28V3kO4stgYryrTlLpuvgI9GiijltAjNbcqA=="],

    "decompress-response": ["decompress-response@6.0.0", "", { "dependencies": { "mimic-response": "^3.1.0" } }, "sha512-aW35yZM6Bb/4oJlZncMH2LCoZtJXTRxES17vE3hoRiowU2kWHaJKFkSBDnDR+cm9J+9QhXmREyIfv0pji9ejCQ=="],

    "defer-to-connect": ["defer-to-connect@2.0.1", "", {}, "sha512-4tvttepXG1VaYGrRibk5EwJd1t4udunSOVMdLSAL6mId1ix438oPwPZMALY41FCijukO1L0twNcGsdzS7dHgDg=="],

    "define-data-property": ["define-data-property@1.1.4", "", { "dependencies": { "es-define-property": "^1.0.0", "es-errors": "^1.3.0", "gopd": "^1.0.1" } }, "sha512-rBMvIzlpA8v6E+SJZoo++HAYqsLrkg7MSfIinMPFhmkorw7X+dOXVJQs+QT69zGkzMyfDnIMN2Wid1+NbL3T+A=="],

    "define-properties": ["define-properties@1.2.1", "", { "dependencies": { "define-data-property": "^1.0.1", "has-property-descriptors": "^1.0.0", "object-keys": "^1.1.1" } }, "sha512-8QmQKqEASLd5nx0U1B1okLElbUuuttJ/AnYmRXbbbGDWh6uS208EjD4Xqq/I9wK7u0v6O08XhTWnt5XtEbR6Dg=="],

    "detect-node": ["detect-node@2.1.0", "", {}, "sha512-T0NIuQpnTvFDATNuHN5roPwSBG83rFsuO+MXXH9/3N1eFbn4wcPjttvjMLEPWJ0RGUYgQE7cGgS3tNxbqCGM7g=="],

    "electron": ["electron@workspace:apps/electron"],

    "emoji-regex": ["emoji-regex@10.6.0", "", {}, "sha512-toUI84YS5YmxW219erniWD0CIVOo46xGKColeNQRgOzDorgBi1v4D71/OFzgD9GO2UGKIv1C3Sp8DAn0+j5w7A=="],

    "end-of-stream": ["end-of-stream@1.4.5", "", { "dependencies": { "once": "^1.4.0" } }, "sha512-ooEGc6HP26xXq/N+GCGOT0JKCLDGrq2bQUZrQ7gyrJiZANJ/8YDTxTpQBXGMn+WbIQXNVpyWymm7KYVICQnyOg=="],

    "env-paths": ["env-paths@2.2.1", "", {}, "sha512-+h1lkLKhZMTYjog1VEpJNG7NZJWcuc2DDk/qsqSTRRCOXiLjeQ1d1/udrUGhqMxUgAlwKNZ0cf2uqan5GLuS2A=="],

    "environment": ["environment@1.1.0", "", {}, "sha512-xUtoPkMggbz0MPyPiIWr1Kp4aeWJjDZ6SMvURhimjdZgsRuDplF5/s9hcgGhyXMhs+6vpnuoiZ2kFiu3FMnS8Q=="],

    "es-define-property": ["es-define-property@1.0.1", "", {}, "sha512-e3nRfgfUZ4rNGL232gUgX06QNyyez04KdjFrF+LTRoOXmrOgFKDg4BCdsjW8EnT69eqdYGmRpJwiPVYNrCaW3g=="],

    "es-errors": ["es-errors@1.3.0", "", {}, "sha512-Zf5H2Kxt2xjTvbJvP2ZWLEICxA6j+hAmMzIlypy4xcBg1vKVnx89Wy0GbS+kf5cwCVFFzdCFh2XSCFNULS6csw=="],

    "es6-error": ["es6-error@4.1.1", "", {}, "sha512-Um/+FxMr9CISWh0bi5Zv0iOD+4cFh5qLeks1qhAopKVAJw3drgKbKySikp7wGhDL0HPeaja0P5ULZrxLkniUVg=="],

    "escape-string-regexp": ["escape-string-regexp@4.0.0", "", {}, "sha512-TtpcNJ3XAzx3Gq8sWRzJaVajRs0uVxA2YAkdb1jm2YkPz4G6egUFAyA3n5vtEIZefPk5Wa4UXbKuS5fKkJWdgA=="],

    "eventemitter3": ["eventemitter3@5.0.4", "", {}, "sha512-mlsTRyGaPBjPedk6Bvw+aqbsXDtoAyAzm5MO7JgU+yVRyMQ5O8bD4Kcci7BS85f93veegeCPkL8R4GLClnjLFw=="],

    "extract-zip": ["extract-zip@2.0.1", "", { "dependencies": { "debug": "^4.1.1", "get-stream": "^5.1.0", "yauzl": "^2.10.0" }, "optionalDependencies": { "@types/yauzl": "^2.9.1" }, "bin": { "extract-zip": "cli.js" } }, "sha512-GDhU9ntwuKyGXdZBUgTIe+vXnWj0fppUEtMDL0+idd5Sta8TGpHssn/eusA9mrPr9qNDym6SxAYZjNvCn/9RBg=="],

    "fd-slicer": ["fd-slicer@1.1.0", "", { "dependencies": { "pend": "~1.2.0" } }, "sha512-cE1qsB/VwyQozZ+q1dGxR8LBYNZeofhEdUNGSMbQD3Gw2lAzX9Zb3uIU6Ebc/Fmyjo9AWWfnn0AUCHqtevs/8g=="],

    "fs-extra": ["fs-extra@8.1.0", "", { "dependencies": { "graceful-fs": "^4.2.0", "jsonfile": "^4.0.0", "universalify": "^0.1.0" } }, "sha512-yhlQgA6mnOJUKOsRUFsgJdQCvkKhcz8tlZG5HBQfReYZy46OwLcY+Zia0mtdHsOo9y/hP+CxMN0TU9QxoOtG4g=="],

    "fx": ["fx@workspace:apps/fx"],

    "get-east-asian-width": ["get-east-asian-width@1.5.0", "", {}, "sha512-CQ+bEO+Tva/qlmw24dCejulK5pMzVnUOFOijVogd3KQs07HnRIgp8TGipvCCRT06xeYEbpbgwaCxglFyiuIcmA=="],

    "get-stream": ["get-stream@5.2.0", "", { "dependencies": { "pump": "^3.0.0" } }, "sha512-nBF+F1rAZVCu/p7rjzgA+Yb4lfYXrpl7a6VmJrU8wF9I1CKvP/QwPNZHnOlwbTkY6dvtFIzFMSyQXbLoTQPRpA=="],

    "global-agent": ["global-agent@3.0.0", "", { "dependencies": { "boolean": "^3.0.1", "es6-error": "^4.1.1", "matcher": "^3.0.0", "roarr": "^2.15.3", "semver": "^7.3.2", "serialize-error": "^7.0.1" } }, "sha512-PT6XReJ+D07JvGoxQMkT6qji/jVNfX/h364XHZOWeRzy64sSFr+xJ5OX7LI3b4MPQzdL4H8Y8M0xzPpsVMwA8Q=="],

    "globalthis": ["globalthis@1.0.4", "", { "dependencies": { "define-properties": "^1.2.1", "gopd": "^1.0.1" } }, "sha512-DpLKbNU4WylpxJykQujfCcwYWiV/Jhm50Goo0wrVILAv5jOr9d+H+UR3PhSCD2rCCEIg0uc+G+muBTwD54JhDQ=="],

    "gopd": ["gopd@1.2.0", "", {}, "sha512-ZUKRh6/kUFoAiTAtTYPZJ3hw9wNxx+BIBOijnlG9PnrJsCcSjs1wyyD6vJpaYtgnzDrKYRSqf3OO6Rfa93xsRg=="],

    "got": ["got@11.8.6", "", { "dependencies": { "@sindresorhus/is": "^4.0.0", "@szmarczak/http-timer": "^4.0.5", "@types/cacheable-request": "^6.0.1", "@types/responselike": "^1.0.0", "cacheable-lookup": "^5.0.3", "cacheable-request": "^7.0.2", "decompress-response": "^6.0.0", "http2-wrapper": "^1.0.0-beta.5.2", "lowercase-keys": "^2.0.0", "p-cancelable": "^2.0.0", "responselike": "^2.0.0" } }, "sha512-6tfZ91bOr7bOXnK7PRDCGBLa1H4U080YHNaAQ2KsMGlLEzRbk44nsZF2E1IeRc3vtJHPVbKCYgdFbaGO2ljd8g=="],

    "graceful-fs": ["graceful-fs@4.2.11", "", {}, "sha512-RbJ5/jmFcNNCcDV5o9eTnBLJ/HszWV0P73bc+Ff4nS/rJj+YaS6IGyiOL0VoBYX+l1Wrl3k63h/KrH+nhJ0XvQ=="],

    "has-property-descriptors": ["has-property-descriptors@1.0.2", "", { "dependencies": { "es-define-property": "^1.0.0" } }, "sha512-55JNKuIW+vq4Ke1BjOTjM2YctQIvCT7GFzHwmfZPGo5wnrgkid0YQtnAleFSqumZm4az3n2BS+erby5ipJdgrg=="],

    "http-cache-semantics": ["http-cache-semantics@4.2.0", "", {}, "sha512-dTxcvPXqPvXBQpq5dUr6mEMJX4oIEFv6bwom3FDwKRDsuIjjJGANqhBuoAn9c1RQJIdAKav33ED65E2ys+87QQ=="],

    "http2-wrapper": ["http2-wrapper@1.0.3", "", { "dependencies": { "quick-lru": "^5.1.1", "resolve-alpn": "^1.0.0" } }, "sha512-V+23sDMr12Wnz7iTcDeJr3O6AIxlnvT/bmaAAAP/Xda35C90p9599p0F1eHR/N1KILWSoWVAiOMFjBBXaXSMxg=="],

    "husky": ["husky@9.1.7", "", { "bin": { "husky": "bin.js" } }, "sha512-5gs5ytaNjBrh5Ow3zrvdUUY+0VxIuWVL4i9irt6friV+BqdCfmV11CQTWMiBYWHbXhco+J1kHfTOUkePhCDvMA=="],

    "is-fullwidth-code-point": ["is-fullwidth-code-point@5.1.0", "", { "dependencies": { "get-east-asian-width": "^1.3.1" } }, "sha512-5XHYaSyiqADb4RnZ1Bdad6cPp8Toise4TzEjcOYDHZkTCbKgiUl7WTUCpNWHuxmDt91wnsZBc9xinNzopv3JMQ=="],

    "json-buffer": ["json-buffer@3.0.1", "", {}, "sha512-4bV5BfR2mqfQTJm+V5tPPdf+ZpuhiIvTuAB5g8kcrXOZpTT/QwwVRWBywX1ozr6lEuPdbHxwaJlm9G6mI2sfSQ=="],

    "json-stringify-safe": ["json-stringify-safe@5.0.1", "", {}, "sha512-ZClg6AaYvamvYEE82d3Iyd3vSSIjQ+odgjaTzRuO3s7toCdFKczob2i0zCh7JE8kWn17yvAWhUVxvqGwUalsRA=="],

    "jsonfile": ["jsonfile@4.0.0", "", { "optionalDependencies": { "graceful-fs": "^4.1.6" } }, "sha512-m6F1R3z8jjlf2imQHS2Qez5sjKWQzbuuhuJ/FKYFRZvPE3PuHcSMVZzfsLhGVOkfd20obL5SWEBew5ShlquNxg=="],

    "keyv": ["keyv@4.5.4", "", { "dependencies": { "json-buffer": "3.0.1" } }, "sha512-oxVHkHR/EJf2CNXnWxRLW6mg7JyCCUcG0DtEGmL2ctUo1PNTin1PUil+r/+4r5MpVgC/fn1kjsx7mjSujKqIpw=="],

    "lint-staged": ["lint-staged@16.4.0", "", { "dependencies": { "commander": "^14.0.3", "listr2": "^9.0.5", "picomatch": "^4.0.3", "string-argv": "^0.3.2", "tinyexec": "^1.0.4", "yaml": "^2.8.2" }, "bin": { "lint-staged": "bin/lint-staged.js" } }, "sha512-lBWt8hujh/Cjysw5GYVmZpFHXDCgZzhrOm8vbcUdobADZNOK/bRshr2kM3DfgrrtR1DQhfupW9gnIXOfiFi+bw=="],

    "listr2": ["listr2@9.0.5", "", { "dependencies": { "cli-truncate": "^5.0.0", "colorette": "^2.0.20", "eventemitter3": "^5.0.1", "log-update": "^6.1.0", "rfdc": "^1.4.1", "wrap-ansi": "^9.0.0" } }, "sha512-ME4Fb83LgEgwNw96RKNvKV4VTLuXfoKudAmm2lP8Kk87KaMK0/Xrx/aAkMWmT8mDb+3MlFDspfbCs7adjRxA2g=="],

    "log-update": ["log-update@6.1.0", "", { "dependencies": { "ansi-escapes": "^7.0.0", "cli-cursor": "^5.0.0", "slice-ansi": "^7.1.0", "strip-ansi": "^7.1.0", "wrap-ansi": "^9.0.0" } }, "sha512-9ie8ItPR6tjY5uYJh8K/Zrv/RMZ5VOlOWvtZdEHYSTFKZfIBPQa9tOAEeAWhd+AnIneLJ22w5fjOYtoutpWq5w=="],

    "lowercase-keys": ["lowercase-keys@2.0.0", "", {}, "sha512-tqNXrS78oMOE73NMxK4EMLQsQowWf8jKooH9g7xPavRT706R6bkQJ6DY2Te7QukaZsulxa30wQ7bk0pm4XiHmA=="],

    "matcher": ["matcher@3.0.0", "", { "dependencies": { "escape-string-regexp": "^4.0.0" } }, "sha512-OkeDaAZ/bQCxeFAozM55PKcKU0yJMPGifLwV4Qgjitu+5MoAfSQN4lsLJeXZ1b8w0x+/Emda6MZgXS1jvsapng=="],

    "mimic-function": ["mimic-function@5.0.1", "", {}, "sha512-VP79XUPxV2CigYP3jWwAUFSku2aKqBH7uTAapFWCBqutsbmDo96KY5o8uh6U+/YSIn5OxJnXp73beVkpqMIGhA=="],

    "mimic-response": ["mimic-response@3.1.0", "", {}, "sha512-z0yWI+4FDrrweS8Zmt4Ej5HdJmky15+L2e6Wgn3+iK5fWzb6T3fhNFq2+MeTRb064c6Wr4N/wv0DzQTjNzHNGQ=="],

    "ms": ["ms@2.1.3", "", {}, "sha512-6FlzubTLZG3J2a/NVCAleEhjzq5oxgHyaCU9yYXvcLsvoVaHJq/s5xXI6/XXP6tz7R9xAOtHnSO/tXtF3WRTlA=="],

    "music-converter": ["music-converter@workspace:apps/music-converter"],

    "normalize-url": ["normalize-url@6.1.0", "", {}, "sha512-DlL+XwOy3NxAQ8xuC0okPgK46iuVNAK01YN7RueYBqqFeGsBjV9XmCAzAdgt+667bCl5kPh9EqKKDwnaPG1I7A=="],

    "object-keys": ["object-keys@1.1.1", "", {}, "sha512-NuAESUOUMrlIXOfHKzD6bpPu3tYt3xvjNdRIQ+FeT0lNb4K8WR70CaDxhuNguS2XG+GjkyMwOzsN5ZktImfhLA=="],

    "once": ["once@1.4.0", "", { "dependencies": { "wrappy": "1" } }, "sha512-lNaJgI+2Q5URQBkccEKHTQOPaXdUxnZZElQTZY0MFUAuaEqe1E+Nyvgdz/aIyNi6Z9MzO5dv1H8n58/GELp3+w=="],

    "onetime": ["onetime@7.0.0", "", { "dependencies": { "mimic-function": "^5.0.0" } }, "sha512-VXJjc87FScF88uafS3JllDgvAm+c/Slfz06lorj2uAY34rlUu0Nt+v8wreiImcrgAjjIHp1rXpTDlLOGw29WwQ=="],

    "oxfmt": ["oxfmt@0.44.0", "", { "dependencies": { "tinypool": "2.1.0" }, "optionalDependencies": { "@oxfmt/binding-android-arm-eabi": "0.44.0", "@oxfmt/binding-android-arm64": "0.44.0", "@oxfmt/binding-darwin-arm64": "0.44.0", "@oxfmt/binding-darwin-x64": "0.44.0", "@oxfmt/binding-freebsd-x64": "0.44.0", "@oxfmt/binding-linux-arm-gnueabihf": "0.44.0", "@oxfmt/binding-linux-arm-musleabihf": "0.44.0", "@oxfmt/binding-linux-arm64-gnu": "0.44.0", "@oxfmt/binding-linux-arm64-musl": "0.44.0", "@oxfmt/binding-linux-ppc64-gnu": "0.44.0", "@oxfmt/binding-linux-riscv64-gnu": "0.44.0", "@oxfmt/binding-linux-riscv64-musl": "0.44.0", "@oxfmt/binding-linux-s390x-gnu": "0.44.0", "@oxfmt/binding-linux-x64-gnu": "0.44.0", "@oxfmt/binding-linux-x64-musl": "0.44.0", "@oxfmt/binding-openharmony-arm64": "0.44.0", "@oxfmt/binding-win32-arm64-msvc": "0.44.0", "@oxfmt/binding-win32-ia32-msvc": "0.44.0", "@oxfmt/binding-win32-x64-msvc": "0.44.0" }, "bin": { "oxfmt": "bin/oxfmt" } }, "sha512-lnncqvHewyRvaqdrnntVIrZV2tEddz8lbvPsQzG/zlkfvgZkwy0HP1p/2u1aCDToeg1jb9zBpbJdfkV73Itw+w=="],

    "oxlint": ["oxlint@1.59.0", "", { "optionalDependencies": { "@oxlint/binding-android-arm-eabi": "1.59.0", "@oxlint/binding-android-arm64": "1.59.0", "@oxlint/binding-darwin-arm64": "1.59.0", "@oxlint/binding-darwin-x64": "1.59.0", "@oxlint/binding-freebsd-x64": "1.59.0", "@oxlint/binding-linux-arm-gnueabihf": "1.59.0", "@oxlint/binding-linux-arm-musleabihf": "1.59.0", "@oxlint/binding-linux-arm64-gnu": "1.59.0", "@oxlint/binding-linux-arm64-musl": "1.59.0", "@oxlint/binding-linux-ppc64-gnu": "1.59.0", "@oxlint/binding-linux-riscv64-gnu": "1.59.0", "@oxlint/binding-linux-riscv64-musl": "1.59.0", "@oxlint/binding-linux-s390x-gnu": "1.59.0", "@oxlint/binding-linux-x64-gnu": "1.59.0", "@oxlint/binding-linux-x64-musl": "1.59.0", "@oxlint/binding-openharmony-arm64": "1.59.0", "@oxlint/binding-win32-arm64-msvc": "1.59.0", "@oxlint/binding-win32-ia32-msvc": "1.59.0", "@oxlint/binding-win32-x64-msvc": "1.59.0" }, "peerDependencies": { "oxlint-tsgolint": ">=0.18.0" }, "optionalPeers": ["oxlint-tsgolint"], "bin": { "oxlint": "bin/oxlint" } }, "sha512-0xBLeGGjP4vD9pygRo8iuOkOzEU1MqOnfiOl7KYezL/QvWL8NUg6n03zXc7ZVqltiOpUxBk2zgHI3PnRIEdAvw=="],

    "oxlint-tsgolint": ["oxlint-tsgolint@0.19.0", "", { "optionalDependencies": { "@oxlint-tsgolint/darwin-arm64": "0.19.0", "@oxlint-tsgolint/darwin-x64": "0.19.0", "@oxlint-tsgolint/linux-arm64": "0.19.0", "@oxlint-tsgolint/linux-x64": "0.19.0", "@oxlint-tsgolint/win32-arm64": "0.19.0", "@oxlint-tsgolint/win32-x64": "0.19.0" }, "bin": { "tsgolint": "bin/tsgolint.js" } }, "sha512-pSzUmDjMyjC8iUUZ7fCLo0D1iUaYIfodd/WIQ6Zra11YkjkUQk3BOFoW4I5ec6uZ/0s2FEmxtiZ7hiTXFRp1cg=="],

    "p-cancelable": ["p-cancelable@2.1.1", "", {}, "sha512-BZOr3nRQHOntUjTrH8+Lh54smKHoHyur8We1V8DSMVrl5A2malOOwuJRnKRDjSnkoeBh4at6BwEnb5I7Jl31wg=="],

    "pend": ["pend@1.2.0", "", {}, "sha512-F3asv42UuXchdzt+xXqfW1OGlVBe+mxa2mqI0pg5yAHZPvFmY3Y6drSf/GQ1A86WgWEN9Kzh/WrgKa6iGcHXLg=="],

    "picomatch": ["picomatch@4.0.4", "", {}, "sha512-QP88BAKvMam/3NxH6vj2o21R6MjxZUAd6nlwAS/pnGvN9IVLocLHxGYIzFhg6fUQ+5th6P4dv4eW9jX3DSIj7A=="],

    "progress": ["progress@2.0.3", "", {}, "sha512-7PiHtLll5LdnKIMw100I+8xJXR5gW2QwWYkT6iJva0bXitZKa/XMrSbdmg3r2Xnaidz9Qumd0VPaMrZlF9V9sA=="],

    "proxy-compare": ["proxy-compare@3.0.1", "", {}, "sha512-V9plBAt3qjMlS1+nC8771KNf6oJ12gExvaxnNzN/9yVRLdTv/lc+oJlnSzrdYDAvBfTStPCoiaCOTmTs0adv7Q=="],

    "pump": ["pump@3.0.4", "", { "dependencies": { "end-of-stream": "^1.1.0", "once": "^1.3.1" } }, "sha512-VS7sjc6KR7e1ukRFhQSY5LM2uBWAUPiOPa/A3mkKmiMwSmRFUITt0xuj+/lesgnCv+dPIEYlkzrcyXgquIHMcA=="],

    "quick-lru": ["quick-lru@5.1.1", "", {}, "sha512-WuyALRjWPDGtt/wzJiadO5AXY+8hZ80hVpe6MyivgraREW751X3SbhRvG3eLKOYN+8VEvqLcf3wdnt44Z4S4SA=="],

    "react": ["react@19.2.5", "", {}, "sha512-llUJLzz1zTUBrskt2pwZgLq59AemifIftw4aB7JxOqf1HY2FDaGDxgwpAPVzHU1kdWabH7FauP4i1oEeer2WCA=="],

    "react-dom": ["react-dom@19.2.5", "", { "dependencies": { "scheduler": "^0.27.0" }, "peerDependencies": { "react": "^19.2.5" } }, "sha512-J5bAZz+DXMMwW/wV3xzKke59Af6CHY7G4uYLN1OvBcKEsWOs4pQExj86BBKamxl/Ik5bx9whOrvBlSDfWzgSag=="],

    "react-icons": ["react-icons@5.6.0", "", { "peerDependencies": { "react": "*" } }, "sha512-RH93p5ki6LfOiIt0UtDyNg/cee+HLVR6cHHtW3wALfo+eOHTp8RnU2kRkI6E+H19zMIs03DyxUG/GfZMOGvmiA=="],

    "resolve-alpn": ["resolve-alpn@1.2.1", "", {}, "sha512-0a1F4l73/ZFZOakJnQ3FvkJ2+gSTQWz/r2KE5OdDY0TxPm5h4GkqkWWfM47T7HsbnOtcJVEF4epCVy6u7Q3K+g=="],

    "responselike": ["responselike@2.0.1", "", { "dependencies": { "lowercase-keys": "^2.0.0" } }, "sha512-4gl03wn3hj1HP3yzgdI7d3lCkF95F21Pz4BPGvKHinyQzALR5CapwC8yIi0Rh58DEMQ/SguC03wFj2k0M/mHhw=="],

    "restore-cursor": ["restore-cursor@5.1.0", "", { "dependencies": { "onetime": "^7.0.0", "signal-exit": "^4.1.0" } }, "sha512-oMA2dcrw6u0YfxJQXm342bFKX/E4sG9rbTzO9ptUcR/e8A33cHuvStiYOwH7fszkZlZ1z/ta9AAoPk2F4qIOHA=="],

    "rfdc": ["rfdc@1.4.1", "", {}, "sha512-q1b3N5QkRUWUl7iyylaaj3kOpIT0N2i9MqIEQXP73GVsN9cw3fdx8X63cEmWhJGi2PPCF23Ijp7ktmd39rawIA=="],

    "roarr": ["roarr@2.15.4", "", { "dependencies": { "boolean": "^3.0.1", "detect-node": "^2.0.4", "globalthis": "^1.0.1", "json-stringify-safe": "^5.0.1", "semver-compare": "^1.0.0", "sprintf-js": "^1.1.2" } }, "sha512-CHhPh+UNHD2GTXNYhPWLnU8ONHdI+5DI+4EYIAOaiD63rHeYlZvyh8P+in5999TTSFgUYuKUAjzRI4mdh/p+2A=="],

    "scheduler": ["scheduler@0.27.0", "", {}, "sha512-eNv+WrVbKu1f3vbYJT/xtiF5syA5HPIMtf9IgY/nKg0sWqzAUEvqY/xm7OcZc/qafLx/iO9FgOmeSAp4v5ti/Q=="],

    "semver": ["semver@6.3.1", "", { "bin": { "semver": "bin/semver.js" } }, "sha512-BR7VvDCVHO+q2xBEWskxS6DJE1qRnb7DxzUrogb71CWoSficBxYsiAGd+Kl0mmq/MprG9yArRkyrQxTO6XjMzA=="],

    "semver-compare": ["semver-compare@1.0.0", "", {}, "sha512-YM3/ITh2MJ5MtzaM429anh+x2jiLVjqILF4m4oyQB18W7Ggea7BfqdH/wGMK7dDiMghv/6WG7znWMwUDzJiXow=="],

    "serialize-error": ["serialize-error@7.0.1", "", { "dependencies": { "type-fest": "^0.13.1" } }, "sha512-8I8TjW5KMOKsZQTvoxjuSIa7foAwPWGOts+6o7sgjz41/qMD9VQHEDxi6PBvK2l0MXUmqZyNpUK+T2tQaaElvw=="],

    "signal-exit": ["signal-exit@4.1.0", "", {}, "sha512-bzyZ1e88w9O1iNJbKnOlvYTrWPDl46O1bG0D3XInv+9tkPrxrN8jUUTiFlDkkmKWgn1M6CfIA13SuGqOa9Korw=="],

    "slice-ansi": ["slice-ansi@8.0.0", "", { "dependencies": { "ansi-styles": "^6.2.3", "is-fullwidth-code-point": "^5.1.0" } }, "sha512-stxByr12oeeOyY2BlviTNQlYV5xOj47GirPr4yA1hE9JCtxfQN0+tVbkxwCtYDQWhEKWFHsEK48ORg5jrouCAg=="],

    "sprintf-js": ["sprintf-js@1.1.3", "", {}, "sha512-Oo+0REFV59/rz3gfJNKQiBlwfHaSESl1pcGyABQsnnIfWOFt6JNj5gCog2U6MLZ//IGYD+nA8nI+mTShREReaA=="],

    "string-argv": ["string-argv@0.3.2", "", {}, "sha512-aqD2Q0144Z+/RqG52NeHEkZauTAUWJO8c6yTftGJKO3Tja5tUgIfmIl6kExvhtxSDP7fXB6DvzkfMpCd/F3G+Q=="],

    "string-width": ["string-width@8.2.0", "", { "dependencies": { "get-east-asian-width": "^1.5.0", "strip-ansi": "^7.1.2" } }, "sha512-6hJPQ8N0V0P3SNmP6h2J99RLuzrWz2gvT7VnK5tKvrNqJoyS9W4/Fb8mo31UiPvy00z7DQXkP2hnKBVav76thw=="],

    "strip-ansi": ["strip-ansi@7.2.0", "", { "dependencies": { "ansi-regex": "^6.2.2" } }, "sha512-yDPMNjp4WyfYBkHnjIRLfca1i6KMyGCtsVgoKe/z1+6vukgaENdgGBZt+ZmKPc4gavvEZ5OgHfHdrazhgNyG7w=="],

    "sumchecker": ["sumchecker@3.0.1", "", { "dependencies": { "debug": "^4.1.0" } }, "sha512-MvjXzkz/BOfyVDkG0oFOtBxHX2u3gKbMHIF/dXblZsgD3BWOFLmHovIpZY7BykJdAjcqRCBi1WYBNdEC9yI7vg=="],

    "tabbable": ["tabbable@6.4.0", "", {}, "sha512-05PUHKSNE8ou2dwIxTngl4EzcnsCDZGJ/iCLtDflR/SHB/ny14rXc+qU5P4mG9JkusiV7EivzY9Mhm55AzAvCg=="],

    "tailwindcss": ["tailwindcss@4.2.2", "", {}, "sha512-KWBIxs1Xb6NoLdMVqhbhgwZf2PGBpPEiwOqgI4pFIYbNTfBXiKYyWoTsXgBQ9WFg/OlhnvHaY+AEpW7wSmFo2Q=="],

    "tinyexec": ["tinyexec@1.1.1", "", {}, "sha512-VKS/ZaQhhkKFMANmAOhhXVoIfBXblQxGX1myCQ2faQrfmobMftXeJPcZGp0gS07ocvGJWDLZGyOZDadDBqYIJg=="],

    "tinypool": ["tinypool@2.1.0", "", {}, "sha512-Pugqs6M0m7Lv1I7FtxN4aoyToKg1C4tu+/381vH35y8oENM/Ai7f7C4StcoK4/+BSw9ebcS8jRiVrORFKCALLw=="],

    "type-fest": ["type-fest@0.13.1", "", {}, "sha512-34R7HTnG0XIJcBSn5XhDd7nNFPRcXYRZrBB2O2jdKqYODldSzBAqzsWoZYYvduky73toYS/ESqxPvkDf/F0XMg=="],

    "ui": ["ui@workspace:libs/ui"],

    "undici-types": ["undici-types@7.16.0", "", {}, "sha512-Zz+aZWSj8LE6zoxD+xrjh4VfkIG8Ya6LvYkZqtUQGJPZjYl53ypCaUwWqo7eI0x66KBGeRo+mlBEkMSeSZ38Nw=="],

    "universalify": ["universalify@0.1.2", "", {}, "sha512-rBJeI5CXAlmy1pV+617WB9J63U6XcazHHF2f2dbJix4XzpUF0RS3Zbj0FGIOCAva5P/d/GBOYaACQ1w+0azUkg=="],

    "utils": ["utils@workspace:libs/utils"],

    "valtio": ["valtio@2.3.1", "", { "dependencies": { "proxy-compare": "^3.0.1" }, "peerDependencies": { "@types/react": ">=18.0.0", "react": ">=18.0.0" }, "optionalPeers": ["@types/react", "react"] }, "sha512-ZsOaOEn0U9IJ96cAj3CZ3GjwpN3EJdjsi1PT4PREuB+Pcqfsczu16isT5DT1UrmHbk4PtLjk8kwNEHuR2CX56w=="],

    "view": ["view@workspace:apps/view"],

    "wrap-ansi": ["wrap-ansi@9.0.2", "", { "dependencies": { "ansi-styles": "^6.2.1", "string-width": "^7.0.0", "strip-ansi": "^7.1.0" } }, "sha512-42AtmgqjV+X1VpdOfyTGOYRi0/zsoLqtXQckTmqTeybT+BDIbM/Guxo7x3pE2vtpr1ok6xRqM9OpBe+Jyoqyww=="],

    "wrappy": ["wrappy@1.0.2", "", {}, "sha512-l4Sp/DRseor9wL6EvV2+TuQn63dMkPjZ/sp9XkghTEbV9KlPS1xUsZ3u7/IQO4wxtcFB4bgpQPRcR3QCvezPcQ=="],

    "yaml": ["yaml@2.8.3", "", { "bin": { "yaml": "bin.mjs" } }, "sha512-AvbaCLOO2Otw/lW5bmh9d/WEdcDFdQp2Z2ZUH3pX9U2ihyUY0nvLv7J6TrWowklRGPYbB/IuIMfYgxaCPg5Bpg=="],

    "yauzl": ["yauzl@3.3.0", "", { "dependencies": { "buffer-crc32": "~0.2.3", "pend": "~1.2.0" } }, "sha512-PtGEvEP30p7sbIBJKUBjUnqgTVOyMURc4dLo9iNyAJnNIEz9pm88cCXF21w94Kg3k6RXkeZh5DHOGS0qEONvNQ=="],

    "clone-response/mimic-response": ["mimic-response@1.0.1", "", {}, "sha512-j5EctnkH7amfV/q5Hgmoal1g2QHFJRraOtmx0JpIqkxhBhI/lJSl1nMpQ45hVarwNETOoWEimndZ4QK0RHxuxQ=="],

    "electron/electron": ["electron@41.2.0", "", { "dependencies": { "@electron/get": "^2.0.0", "@types/node": "^24.9.0", "extract-zip": "^2.0.1" }, "bin": { "electron": "cli.js" } }, "sha512-0OKLiymqfV0WK68RBXqAm3Myad2TpI5wwxLCBEUcH5Nugo3YfSk7p1Js/AL9266qTz5xZioUnxt9hG8FFwax0g=="],

    "extract-zip/yauzl": ["yauzl@2.10.0", "", { "dependencies": { "buffer-crc32": "~0.2.3", "fd-slicer": "~1.1.0" } }, "sha512-p4a9I6X6nu6IhoGmBqAcbJy1mlC4j27vEPZX9F4L4/vZT3Lyq1VkFHw/V/PUcB9Buo+DG3iHkT0x3Qya58zc3g=="],

    "global-agent/semver": ["semver@7.7.4", "", { "bin": { "semver": "bin/semver.js" } }, "sha512-vFKC2IEtQnVhpT78h1Yp8wzwrf8CM+MzKMHGJZfBtzhZNycRFnXsHk6E5TxIkkMsgNS7mdX3AGB7x2QM2di4lA=="],

    "log-update/slice-ansi": ["slice-ansi@7.1.2", "", { "dependencies": { "ansi-styles": "^6.2.1", "is-fullwidth-code-point": "^5.0.0" } }, "sha512-iOBWFgUX7caIZiuutICxVgX1SdxwAVFFKwt1EvMYYec/NWO5meOJ6K5uQxhrYBdQJne4KxiqZc+KptFOWFSI9w=="],

    "wrap-ansi/string-width": ["string-width@7.2.0", "", { "dependencies": { "emoji-regex": "^10.3.0", "get-east-asian-width": "^1.0.0", "strip-ansi": "^7.1.0" } }, "sha512-tsaTIkKW9b4N+AEj+SVA+WhJzV7/zMhcSu78mLKWSk7cXMOSHsBKFWUs0fWwq8QyK3MgJBQRX6Gbi4kYbdvGkQ=="],
  }
}
